
Microsoft Visual Studio Solution File, Format Version 12.00
# Visual Studio Version 16
VisualStudioVersion = 16.0.30717.126
MinimumVisualStudioVersion = 10.0.40219.1
Project("{FAE04EC0-301F-11D3-BF4B-00C04F79EFBC}") = "eTicaret", "eTicaret\eTicaret.csproj", "{8EEAD1AB-4523-40DB-9D08-7028480B737F}"
EndProject
Global
	GlobalSection(SolutionConfigurationPlatforms) = preSolution
		Debug|Any CPU = Debug|Any CPU
		Release|Any CPU = Release|Any CPU
	EndGlobalSection
	GlobalSection(ProjectConfigurationPlatforms) = postSolution
		{8EEAD1AB-4523-40DB-9D08-7028480B737F}.Debug|Any CPU.ActiveCfg = Debug|Any CPU
		{8EEAD1AB-4523-40DB-9D08-7028480B737F}.Debug|Any CPU.Build.0 = Debug|Any CPU
		{8EEAD1AB-4523-40DB-9D08-7028480B737F}.Release|Any CPU.ActiveCfg = Release|Any CPU
		{8EEAD1AB-4523-40DB-9D08-7028480B737F}.Release|Any CPU.Build.0 = Release|Any CPU
	EndGlobalSection
	GlobalSection(SolutionProperties) = preSolution
		HideSolutionNode = FALSE
	EndGlobalSection
	GlobalSection(ExtensibilityGlobals) = postSolution
		SolutionGuid = {596D5644-5EF0-4156-A627-1DA65ABD2B5B}
	EndGlobalSection
EndGlobal
